
Microsoft Visual Studio Solution File, Format Version 12.00
# Visual Studio Version 17
VisualStudioVersion = 17.9.34616.47
MinimumVisualStudioVersion = 10.0.40219.1
Project("{8BC9CEB8-8B4A-11D0-8D11-00A0C91BC942}") = "PARADIGMAOOP1_0196", "PARADIGMAOOP1_0196\PARADIGMAOOP1_0196.vcxproj", "{B24C0BEF-3779-43F2-ABE5-59F86EE8474C}"
EndProject
Project("{8BC9CEB8-8B4A-11D0-8D11-00A0C91BC942}") = "KOMPOSISI", "KOMPOSISI\KOMPOSISI.vcxproj", "{8978D432-7D6F-4578-A615-63DB478F12A7}"
EndProject
Project("{8BC9CEB8-8B4A-11D0-8D11-00A0C91BC942}") = "AGGREGASI", "AGGREGASI\AGGREGASI.vcxproj", "{88A82E7A-EDA1-496C-AA39-C08C5495950F}"
EndProject
Project("{8BC9CEB8-8B4A-11D0-8D11-00A0C91BC942}") = "INHERITANCE", "INHERITANCE\INHERITANCE.vcxproj", "{B35B6565-D304-4734-BD0B-ED92F7E70139}"
EndProject
Project("{8BC9CEB8-8B4A-11D0-8D11-00A0C91BC942}") = "ASOSIASI", "ASOSIASI\ASOSIASI.vcxproj", "{453F2C23-328D-43DE-9635-E3BD6F3DD917}"
EndProject
Global
	GlobalSection(SolutionConfigurationPlatforms) = preSolution
		Debug|x64 = Debug|x64
		Debug|x86 = Debug|x86
		Release|x64 = Release|x64
		Release|x86 = Release|x86
	EndGlobalSection
	GlobalSection(ProjectConfigurationPlatforms) = postSolution
		{B24C0BEF-3779-43F2-ABE5-59F86EE8474C}.Debug|x64.ActiveCfg = Debug|x64
		{B24C0BEF-3779-43F2-ABE5-59F86EE8474C}.Debug|x64.Build.0 = Debug|x64
		{B24C0BEF-3779-43F2-ABE5-59F86EE8474C}.Debug|x86.ActiveCfg = Debug|Win32
		{B24C0BEF-3779-43F2-ABE5-59F86EE8474C}.Debug|x86.Build.0 = Debug|Win32
		{B24C0BEF-3779-43F2-ABE5-59F86EE8474C}.Release|x64.ActiveCfg = Release|x64
		{B24C0BEF-3779-43F2-ABE5-59F86EE8474C}.Release|x64.Build.0 = Release|x64
		{B24C0BEF-3779-43F2-ABE5-59F86EE8474C}.Release|x86.ActiveCfg = Release|Win32
		{B24C0BEF-3779-43F2-ABE5-59F86EE8474C}.Release|x86.Build.0 = Release|Win32
		{8978D432-7D6F-4578-A615-63DB478F12A7}.Debug|x64.ActiveCfg = Debug|x64
		{8978D432-7D6F-4578-A615-63DB478F12A7}.Debug|x64.Build.0 = Debug|x64
		{8978D432-7D6F-4578-A615-63DB478F12A7}.Debug|x86.ActiveCfg = Debug|Win32
		{8978D432-7D6F-4578-A615-63DB478F12A7}.Debug|x86.Build.0 = Debug|Win32
		{8978D432-7D6F-4578-A615-63DB478F12A7}.Release|x64.ActiveCfg = Release|x64
		{8978D432-7D6F-4578-A615-63DB478F12A7}.Release|x64.Build.0 = Release|x64
		{8978D432-7D6F-4578-A615-63DB478F12A7}.Release|x86.ActiveCfg = Release|Win32
		{8978D432-7D6F-4578-A615-63DB478F12A7}.Release|x86.Build.0 = Release|Win32
		{88A82E7A-EDA1-496C-AA39-C08C5495950F}.Debug|x64.ActiveCfg = Debug|x64
		{88A82E7A-EDA1-496C-AA39-C08C5495950F}.Debug|x64.Build.0 = Debug|x64
		{88A82E7A-EDA1-496C-AA39-C08C5495950F}.Debug|x86.ActiveCfg = Debug|Win32
		{88A82E7A-EDA1-496C-AA39-C08C5495950F}.Debug|x86.Build.0 = Debug|Win32
		{88A82E7A-EDA1-496C-AA39-C08C5495950F}.Release|x64.ActiveCfg = Release|x64
		{88A82E7A-EDA1-496C-AA39-C08C5495950F}.Release|x64.Build.0 = Release|x64
		{88A82E7A-EDA1-496C-AA39-C08C5495950F}.Release|x86.ActiveCfg = Release|Win32
		{88A82E7A-EDA1-496C-AA39-C08C5495950F}.Release|x86.Build.0 = Release|Win32
		{B35B6565-D304-4734-BD0B-ED92F7E70139}.Debug|x64.ActiveCfg = Debug|x64
		{B35B6565-D304-4734-BD0B-ED92F7E70139}.Debug|x64.Build.0 = Debug|x64
		{B35B6565-D304-4734-BD0B-ED92F7E70139}.Debug|x86.ActiveCfg = Debug|Win32
		{B35B6565-D304-4734-BD0B-ED92F7E70139}.Debug|x86.Build.0 = Debug|Win32
		{B35B6565-D304-4734-BD0B-ED92F7E70139}.Release|x64.ActiveCfg = Release|x64
		{B35B6565-D304-4734-BD0B-ED92F7E70139}.Release|x64.Build.0 = Release|x64
		{B35B6565-D304-4734-BD0B-ED92F7E70139}.Release|x86.ActiveCfg = Release|Win32
		{B35B6565-D304-4734-BD0B-ED92F7E70139}.Release|x86.Build.0 = Release|Win32
		{453F2C23-328D-43DE-9635-E3BD6F3DD917}.Debug|x64.ActiveCfg = Debug|x64
		{453F2C23-328D-43DE-9635-E3BD6F3DD917}.Debug|x64.Build.0 = Debug|x64
		{453F2C23-328D-43DE-9635-E3BD6F3DD917}.Debug|x86.ActiveCfg = Debug|Win32
		{453F2C23-328D-43DE-9635-E3BD6F3DD917}.Debug|x86.Build.0 = Debug|Win32
		{453F2C23-328D-43DE-9635-E3BD6F3DD917}.Release|x64.ActiveCfg = Release|x64
		{453F2C23-328D-43DE-9635-E3BD6F3DD917}.Release|x64.Build.0 = Release|x64
		{453F2C23-328D-43DE-9635-E3BD6F3DD917}.Release|x86.ActiveCfg = Release|Win32
		{453F2C23-328D-43DE-9635-E3BD6F3DD917}.Release|x86.Build.0 = Release|Win32
	EndGlobalSection
	GlobalSection(SolutionProperties) = preSolution
		HideSolutionNode = FALSE
	EndGlobalSection
	GlobalSection(ExtensibilityGlobals) = postSolution
		SolutionGuid = {04E9CB45-B5FA-4C5C-BABA-87F58D3CFDD7}
	EndGlobalSection
EndGlobal
